# This file is automatically @generated by Cargo.
# It is not intended for manual editing.
[[package]]
name = "manga_reader"
version = "0.1.0"
dependencies = [
 "minreq",
]

[[package]]
name = "minreq"
version = "2.3.1"
source = "registry+https://github.com/rust-lang/crates.io-index"
checksum = "781e56f7d29192378f0a04948b1e6aec67ce561273b2dd26ac510bbe88d7be70"
dependencies = [
 "punycode",
]

[[package]]
name = "punycode"
version = "0.4.1"
source = "registry+https://github.com/rust-lang/crates.io-index"
checksum = "e9e1dcb320d6839f6edb64f7a4a59d39b30480d4d1765b56873f7c858538a5fe"
